
Microsoft Visual Studio Solution File, Format Version 12.00
# Visual Studio Version 17
VisualStudioVersion = 17.3.32728.150
MinimumVisualStudioVersion = 10.0.40219.1
Project("{2150E333-8FDC-42A3-9474-1A3956D46DE8}") = "02 Patterns", "02 Patterns", "{21D67637-14A8-4B8B-9A2C-966B7D044D2E}"
EndProject
Project("{2150E333-8FDC-42A3-9474-1A3956D46DE8}") = "01 Refresher", "01 Refresher", "{E88E8CAB-5A5E-407C-AACE-27184FB36584}"
EndProject
Project("{FAE04EC0-301F-11D3-BF4B-00C04F79EFBC}") = "Pattern4.State", "Pattern.State\Pattern4.State.csproj", "{E35B3213-A6F4-4DD0-AB77-379240D6E6C1}"
EndProject
Project("{FAE04EC0-301F-11D3-BF4B-00C04F79EFBC}") = "Pattern2.Adapter", "Pattern.Adaptor\Pattern2.Adapter.csproj", "{DD0BCF94-246C-4B41-909C-93D3A34C858A}"
EndProject
Project("{FAE04EC0-301F-11D3-BF4B-00C04F79EFBC}") = "Pattern3.Strategy", "Pattern.Strategy\Pattern3.Strategy.csproj", "{00018274-87AE-4A78-B452-E4FEDFDAAA10}"
EndProject
Project("{2150E333-8FDC-42A3-9474-1A3956D46DE8}") = "05 Interfaces", "05 Interfaces", "{A76503F5-B9DB-4ECF-B1FC-A8E27A0DC9EA}"
EndProject
Project("{FAE04EC0-301F-11D3-BF4B-00C04F79EFBC}") = "Pattern1.FactoryMethod", "Pattern.Factory\Pattern1.FactoryMethod.csproj", "{04B41FC9-23B7-4F57-A3AA-48E3F5F007AF}"
EndProject
Project("{2150E333-8FDC-42A3-9474-1A3956D46DE8}") = "03 Generics", "03 Generics", "{B91FF15C-3676-4B0B-9171-8DEF7514CAC6}"
EndProject
Project("{2150E333-8FDC-42A3-9474-1A3956D46DE8}") = "06 Async", "06 Async", "{32201F16-65AA-4636-BF98-86A8CBBF5548}"
EndProject
Project("{FAE04EC0-301F-11D3-BF4B-00C04F79EFBC}") = "Generic4.Restriction", "Generic.WithRestriction\Generic4.Restriction.csproj", "{6EB418A6-8D15-4A32-9315-A24182655C6F}"
EndProject
Project("{FAE04EC0-301F-11D3-BF4B-00C04F79EFBC}") = "Interface2.INotifyPropertyChanged", "Interface.INotifyPropertyChanged\Interface2.INotifyPropertyChanged.csproj", "{7BF68E0E-C2A3-4BA7-B7DC-7A273541D4CB}"
EndProject
Project("{FAE04EC0-301F-11D3-BF4B-00C04F79EFBC}") = "Interface1.Simple", "Interface.Simple\Interface1.Simple.csproj", "{CB30B5F7-ECEF-454C-93F3-6773EEF9CF00}"
EndProject
Project("{FAE04EC0-301F-11D3-BF4B-00C04F79EFBC}") = "Generic3.Class", "Generic.Simple\Generic3.Class.csproj", "{86051384-25EB-422F-A0D2-EC1E4551A922}"
EndProject
Project("{2150E333-8FDC-42A3-9474-1A3956D46DE8}") = "06 UI Globalization", "06 UI Globalization", "{6BDAEBB1-8C91-4023-99D3-28E16DE739CC}"
EndProject
Project("{FAE04EC0-301F-11D3-BF4B-00C04F79EFBC}") = "Pattern5.Observer", "Pattern.Observer\Pattern5.Observer.csproj", "{75D5DD25-23E6-45B1-9B1E-850D66038FDF}"
EndProject
Project("{9A19103F-16F7-4668-BE54-9A1E7A4F7556}") = "Pattern6.DependencyInjection.Core", "Pattern.DependencyInjection\Pattern6.DependencyInjection.Core.csproj", "{310D5D66-DD1D-45DC-A5C1-C10DA0ABAA61}"
EndProject
Project("{2150E333-8FDC-42A3-9474-1A3956D46DE8}") = "99 Misc", "99 Misc", "{B3694068-A3B4-4486-95DE-DAFBE8C4A8F5}"
EndProject
Project("{FAE04EC0-301F-11D3-BF4B-00C04F79EFBC}") = "Reflection", "Optional.Reflection\Reflection.csproj", "{5EAD1A82-7FD4-40C3-83A1-8D727DAFB33D}"
EndProject
Project("{FAE04EC0-301F-11D3-BF4B-00C04F79EFBC}") = "Interface3.IEnumerable", "Interface.IEnumerable\Interface3.IEnumerable.csproj", "{364E0B31-ED74-4073-8554-2878482136F6}"
EndProject
Project("{FAE04EC0-301F-11D3-BF4B-00C04F79EFBC}") = "Generic6.Func", "Generic.Func\Generic6.Func.csproj", "{1E7394CA-CFCA-4DFD-9B4C-FCFB8177EE14}"
EndProject
Project("{FAE04EC0-301F-11D3-BF4B-00C04F79EFBC}") = "Generic7.Predicate", "Generic.Predicate\Generic7.Predicate.csproj", "{FC34CA31-0FD9-45FB-9765-C6C6B2B2ED16}"
EndProject
Project("{FAE04EC0-301F-11D3-BF4B-00C04F79EFBC}") = "Generic8.LazyLoad", "Generic.LazyLoad\Generic8.LazyLoad.csproj", "{7276709A-1287-43D6-94A8-7BA129886109}"
EndProject
Project("{FAE04EC0-301F-11D3-BF4B-00C04F79EFBC}") = "Generic5.Collections", "Generic.Collections\Generic5.Collections.csproj", "{0711DBD7-6CA0-4203-B8BF-009C74B3831C}"
EndProject
Project("{FAE04EC0-301F-11D3-BF4B-00C04F79EFBC}") = "Generic1.Parameters", "Generic.Method\Generic1.Parameters.csproj", "{94C97D99-5119-44D3-88EC-8E469B798A4D}"
EndProject
Project("{FAE04EC0-301F-11D3-BF4B-00C04F79EFBC}") = "Async1.Winforms", "Async.Winforms\Async1.Winforms.csproj", "{9338B61D-DC3D-481A-857E-17027E8EB328}"
EndProject
Project("{FAE04EC0-301F-11D3-BF4B-00C04F79EFBC}") = "Serialization", "Optional.Serialization\Serialization.csproj", "{44DD3141-4107-442C-82BD-332EEAFC0E91}"
EndProject
Project("{FAE04EC0-301F-11D3-BF4B-00C04F79EFBC}") = "Async2.Lock.Philosophen", "Async.Philosophen\Async2.Lock.Philosophen.csproj", "{A0600BCE-7430-44DF-8708-CC595601E700}"
EndProject
Project("{2150E333-8FDC-42A3-9474-1A3956D46DE8}") = "04 Delegates+Events", "04 Delegates+Events", "{7A31E21B-F0D8-43EB-9AE1-0DA6A164C8E8}"
EndProject
Project("{2150E333-8FDC-42A3-9474-1A3956D46DE8}") = "RestApi", "RestApi", "{F33C413B-AC65-4C38-B69A-F41AB8717960}"
EndProject
Project("{FAE04EC0-301F-11D3-BF4B-00C04F79EFBC}") = "RestApi.EntityModel", "RestApi.EntityModel\RestApi.EntityModel.csproj", "{44B68C6B-D2F6-4EDC-9122-A5EE763F5C48}"
EndProject
Project("{FAE04EC0-301F-11D3-BF4B-00C04F79EFBC}") = "RestApi.ClientApplication", "RestApi.ClientApplication\RestApi.ClientApplication.csproj", "{30C2F6C1-92EA-4DC8-B03B-B5BC146B179C}"
EndProject
Project("{FAE04EC0-301F-11D3-BF4B-00C04F79EFBC}") = "Globalization.WinForms", "Globalization.WinForms\Globalization.WinForms.csproj", "{08868170-42D0-4092-9E02-B0F71BE18952}"
EndProject
Project("{FAE04EC0-301F-11D3-BF4B-00C04F79EFBC}") = "Globalization.Wpf", "Globalization.Wpf\Globalization.Wpf.csproj", "{BD8EA140-3E0D-4167-847B-1F0FE6BA8F57}"
EndProject
Project("{FAE04EC0-301F-11D3-BF4B-00C04F79EFBC}") = "Async.Example1", "Async.Example1\Async.Example1.csproj", "{2DAD8E9A-F9B1-4881-AD16-EE366748439A}"
EndProject
Project("{FAE04EC0-301F-11D3-BF4B-00C04F79EFBC}") = "Async.Example2", "Async.Example2\Async.Example2.csproj", "{47F4F4D6-A829-4CC7-B1AE-531D2C06F103}"
EndProject
Project("{FAE04EC0-301F-11D3-BF4B-00C04F79EFBC}") = "Async.Example3", "Async.Example3\Async.Example3.csproj", "{9A98F0B4-8EC2-4E64-9052-07FC9A6EBB03}"
EndProject
Project("{FAE04EC0-301F-11D3-BF4B-00C04F79EFBC}") = "Async.Example4", "Async.Example4\Async.Example4.csproj", "{226B64A3-31F5-4018-9A04-A525C1C15259}"
EndProject
Project("{FAE04EC0-301F-11D3-BF4B-00C04F79EFBC}") = "RestApi.HostingWebApplication", "RestApi.HostingWebApplication\RestApi.HostingWebApplication.csproj", "{D762EA68-D59B-4EF2-96F0-6451F882F836}"
EndProject
Project("{FAE04EC0-301F-11D3-BF4B-00C04F79EFBC}") = "Generic2.ReturnType", "Generic.ReturnType\Generic2.ReturnType.csproj", "{203C3BBD-66B6-4242-AC31-9C74B1563302}"
EndProject
Project("{FAE04EC0-301F-11D3-BF4B-00C04F79EFBC}") = "Refresher.Relations", "Refresher.Relations\Refresher.Relations.csproj", "{BE8CB63B-168F-414A-99EC-BE320CA5A85B}"
EndProject
Project("{FAE04EC0-301F-11D3-BF4B-00C04F79EFBC}") = "Refresher.Relations.Tests", "Refresher.Relations.Tests\Refresher.Relations.Tests.csproj", "{1D35024F-5BE8-4019-B3E3-6EAAD6AD47C7}"
EndProject
Project("{FAE04EC0-301F-11D3-BF4B-00C04F79EFBC}") = "NewFeatures", "NewFeatures\NewFeatures.csproj", "{E948423B-89CC-4CE4-B449-FC286A221CBA}"
EndProject
Project("{FAE04EC0-301F-11D3-BF4B-00C04F79EFBC}") = "Plinq.Example1", "Plinq.Example1\Plinq.Example1.csproj", "{535B787B-ACD7-4D7F-8824-F72E4F9C5CB5}"
EndProject
Global
	GlobalSection(SolutionConfigurationPlatforms) = preSolution
		Debug|Any CPU = Debug|Any CPU
		Release|Any CPU = Release|Any CPU
	EndGlobalSection
	GlobalSection(ProjectConfigurationPlatforms) = postSolution
		{E35B3213-A6F4-4DD0-AB77-379240D6E6C1}.Debug|Any CPU.ActiveCfg = Debug|Any CPU
		{E35B3213-A6F4-4DD0-AB77-379240D6E6C1}.Debug|Any CPU.Build.0 = Debug|Any CPU
		{E35B3213-A6F4-4DD0-AB77-379240D6E6C1}.Release|Any CPU.ActiveCfg = Release|Any CPU
		{E35B3213-A6F4-4DD0-AB77-379240D6E6C1}.Release|Any CPU.Build.0 = Release|Any CPU
		{DD0BCF94-246C-4B41-909C-93D3A34C858A}.Debug|Any CPU.ActiveCfg = Debug|Any CPU
		{DD0BCF94-246C-4B41-909C-93D3A34C858A}.Debug|Any CPU.Build.0 = Debug|Any CPU
		{DD0BCF94-246C-4B41-909C-93D3A34C858A}.Release|Any CPU.ActiveCfg = Release|Any CPU
		{DD0BCF94-246C-4B41-909C-93D3A34C858A}.Release|Any CPU.Build.0 = Release|Any CPU
		{00018274-87AE-4A78-B452-E4FEDFDAAA10}.Debug|Any CPU.ActiveCfg = Debug|Any CPU
		{00018274-87AE-4A78-B452-E4FEDFDAAA10}.Debug|Any CPU.Build.0 = Debug|Any CPU
		{00018274-87AE-4A78-B452-E4FEDFDAAA10}.Release|Any CPU.ActiveCfg = Release|Any CPU
		{00018274-87AE-4A78-B452-E4FEDFDAAA10}.Release|Any CPU.Build.0 = Release|Any CPU
		{04B41FC9-23B7-4F57-A3AA-48E3F5F007AF}.Debug|Any CPU.ActiveCfg = Debug|Any CPU
		{04B41FC9-23B7-4F57-A3AA-48E3F5F007AF}.Debug|Any CPU.Build.0 = Debug|Any CPU
		{04B41FC9-23B7-4F57-A3AA-48E3F5F007AF}.Release|Any CPU.ActiveCfg = Release|Any CPU
		{04B41FC9-23B7-4F57-A3AA-48E3F5F007AF}.Release|Any CPU.Build.0 = Release|Any CPU
		{6EB418A6-8D15-4A32-9315-A24182655C6F}.Debug|Any CPU.ActiveCfg = Debug|Any CPU
		{6EB418A6-8D15-4A32-9315-A24182655C6F}.Debug|Any CPU.Build.0 = Debug|Any CPU
		{6EB418A6-8D15-4A32-9315-A24182655C6F}.Release|Any CPU.ActiveCfg = Release|Any CPU
		{6EB418A6-8D15-4A32-9315-A24182655C6F}.Release|Any CPU.Build.0 = Release|Any CPU
		{7BF68E0E-C2A3-4BA7-B7DC-7A273541D4CB}.Debug|Any CPU.ActiveCfg = Debug|Any CPU
		{7BF68E0E-C2A3-4BA7-B7DC-7A273541D4CB}.Debug|Any CPU.Build.0 = Debug|Any CPU
		{7BF68E0E-C2A3-4BA7-B7DC-7A273541D4CB}.Release|Any CPU.ActiveCfg = Release|Any CPU
		{7BF68E0E-C2A3-4BA7-B7DC-7A273541D4CB}.Release|Any CPU.Build.0 = Release|Any CPU
		{CB30B5F7-ECEF-454C-93F3-6773EEF9CF00}.Debug|Any CPU.ActiveCfg = Debug|Any CPU
		{CB30B5F7-ECEF-454C-93F3-6773EEF9CF00}.Debug|Any CPU.Build.0 = Debug|Any CPU
		{CB30B5F7-ECEF-454C-93F3-6773EEF9CF00}.Release|Any CPU.ActiveCfg = Release|Any CPU
		{CB30B5F7-ECEF-454C-93F3-6773EEF9CF00}.Release|Any CPU.Build.0 = Release|Any CPU
		{86051384-25EB-422F-A0D2-EC1E4551A922}.Debug|Any CPU.ActiveCfg = Debug|Any CPU
		{86051384-25EB-422F-A0D2-EC1E4551A922}.Debug|Any CPU.Build.0 = Debug|Any CPU
		{86051384-25EB-422F-A0D2-EC1E4551A922}.Release|Any CPU.ActiveCfg = Release|Any CPU
		{86051384-25EB-422F-A0D2-EC1E4551A922}.Release|Any CPU.Build.0 = Release|Any CPU
		{75D5DD25-23E6-45B1-9B1E-850D66038FDF}.Debug|Any CPU.ActiveCfg = Debug|Any CPU
		{75D5DD25-23E6-45B1-9B1E-850D66038FDF}.Debug|Any CPU.Build.0 = Debug|Any CPU
		{75D5DD25-23E6-45B1-9B1E-850D66038FDF}.Release|Any CPU.ActiveCfg = Release|Any CPU
		{75D5DD25-23E6-45B1-9B1E-850D66038FDF}.Release|Any CPU.Build.0 = Release|Any CPU
		{310D5D66-DD1D-45DC-A5C1-C10DA0ABAA61}.Debug|Any CPU.ActiveCfg = Debug|Any CPU
		{310D5D66-DD1D-45DC-A5C1-C10DA0ABAA61}.Debug|Any CPU.Build.0 = Debug|Any CPU
		{310D5D66-DD1D-45DC-A5C1-C10DA0ABAA61}.Release|Any CPU.ActiveCfg = Release|Any CPU
		{310D5D66-DD1D-45DC-A5C1-C10DA0ABAA61}.Release|Any CPU.Build.0 = Release|Any CPU
		{5EAD1A82-7FD4-40C3-83A1-8D727DAFB33D}.Debug|Any CPU.ActiveCfg = Debug|Any CPU
		{5EAD1A82-7FD4-40C3-83A1-8D727DAFB33D}.Debug|Any CPU.Build.0 = Debug|Any CPU
		{5EAD1A82-7FD4-40C3-83A1-8D727DAFB33D}.Release|Any CPU.ActiveCfg = Release|Any CPU
		{5EAD1A82-7FD4-40C3-83A1-8D727DAFB33D}.Release|Any CPU.Build.0 = Release|Any CPU
		{364E0B31-ED74-4073-8554-2878482136F6}.Debug|Any CPU.ActiveCfg = Debug|Any CPU
		{364E0B31-ED74-4073-8554-2878482136F6}.Debug|Any CPU.Build.0 = Debug|Any CPU
		{364E0B31-ED74-4073-8554-2878482136F6}.Release|Any CPU.ActiveCfg = Release|Any CPU
		{364E0B31-ED74-4073-8554-2878482136F6}.Release|Any CPU.Build.0 = Release|Any CPU
		{1E7394CA-CFCA-4DFD-9B4C-FCFB8177EE14}.Debug|Any CPU.ActiveCfg = Debug|Any CPU
		{1E7394CA-CFCA-4DFD-9B4C-FCFB8177EE14}.Debug|Any CPU.Build.0 = Debug|Any CPU
		{1E7394CA-CFCA-4DFD-9B4C-FCFB8177EE14}.Release|Any CPU.ActiveCfg = Release|Any CPU
		{1E7394CA-CFCA-4DFD-9B4C-FCFB8177EE14}.Release|Any CPU.Build.0 = Release|Any CPU
		{FC34CA31-0FD9-45FB-9765-C6C6B2B2ED16}.Debug|Any CPU.ActiveCfg = Debug|Any CPU
		{FC34CA31-0FD9-45FB-9765-C6C6B2B2ED16}.Debug|Any CPU.Build.0 = Debug|Any CPU
		{FC34CA31-0FD9-45FB-9765-C6C6B2B2ED16}.Release|Any CPU.ActiveCfg = Release|Any CPU
		{FC34CA31-0FD9-45FB-9765-C6C6B2B2ED16}.Release|Any CPU.Build.0 = Release|Any CPU
		{7276709A-1287-43D6-94A8-7BA129886109}.Debug|Any CPU.ActiveCfg = Debug|Any CPU
		{7276709A-1287-43D6-94A8-7BA129886109}.Debug|Any CPU.Build.0 = Debug|Any CPU
		{7276709A-1287-43D6-94A8-7BA129886109}.Release|Any CPU.ActiveCfg = Release|Any CPU
		{7276709A-1287-43D6-94A8-7BA129886109}.Release|Any CPU.Build.0 = Release|Any CPU
		{0711DBD7-6CA0-4203-B8BF-009C74B3831C}.Debug|Any CPU.ActiveCfg = Debug|Any CPU
		{0711DBD7-6CA0-4203-B8BF-009C74B3831C}.Debug|Any CPU.Build.0 = Debug|Any CPU
		{0711DBD7-6CA0-4203-B8BF-009C74B3831C}.Release|Any CPU.ActiveCfg = Release|Any CPU
		{0711DBD7-6CA0-4203-B8BF-009C74B3831C}.Release|Any CPU.Build.0 = Release|Any CPU
		{94C97D99-5119-44D3-88EC-8E469B798A4D}.Debug|Any CPU.ActiveCfg = Debug|Any CPU
		{94C97D99-5119-44D3-88EC-8E469B798A4D}.Debug|Any CPU.Build.0 = Debug|Any CPU
		{94C97D99-5119-44D3-88EC-8E469B798A4D}.Release|Any CPU.ActiveCfg = Release|Any CPU
		{94C97D99-5119-44D3-88EC-8E469B798A4D}.Release|Any CPU.Build.0 = Release|Any CPU
		{9338B61D-DC3D-481A-857E-17027E8EB328}.Debug|Any CPU.ActiveCfg = Debug|Any CPU
		{9338B61D-DC3D-481A-857E-17027E8EB328}.Debug|Any CPU.Build.0 = Debug|Any CPU
		{9338B61D-DC3D-481A-857E-17027E8EB328}.Release|Any CPU.ActiveCfg = Release|Any CPU
		{9338B61D-DC3D-481A-857E-17027E8EB328}.Release|Any CPU.Build.0 = Release|Any CPU
		{44DD3141-4107-442C-82BD-332EEAFC0E91}.Debug|Any CPU.ActiveCfg = Debug|Any CPU
		{44DD3141-4107-442C-82BD-332EEAFC0E91}.Debug|Any CPU.Build.0 = Debug|Any CPU
		{44DD3141-4107-442C-82BD-332EEAFC0E91}.Release|Any CPU.ActiveCfg = Release|Any CPU
		{44DD3141-4107-442C-82BD-332EEAFC0E91}.Release|Any CPU.Build.0 = Release|Any CPU
		{A0600BCE-7430-44DF-8708-CC595601E700}.Debug|Any CPU.ActiveCfg = Debug|Any CPU
		{A0600BCE-7430-44DF-8708-CC595601E700}.Debug|Any CPU.Build.0 = Debug|Any CPU
		{A0600BCE-7430-44DF-8708-CC595601E700}.Release|Any CPU.ActiveCfg = Release|Any CPU
		{A0600BCE-7430-44DF-8708-CC595601E700}.Release|Any CPU.Build.0 = Release|Any CPU
		{44B68C6B-D2F6-4EDC-9122-A5EE763F5C48}.Debug|Any CPU.ActiveCfg = Debug|Any CPU
		{44B68C6B-D2F6-4EDC-9122-A5EE763F5C48}.Debug|Any CPU.Build.0 = Debug|Any CPU
		{44B68C6B-D2F6-4EDC-9122-A5EE763F5C48}.Release|Any CPU.ActiveCfg = Release|Any CPU
		{44B68C6B-D2F6-4EDC-9122-A5EE763F5C48}.Release|Any CPU.Build.0 = Release|Any CPU
		{30C2F6C1-92EA-4DC8-B03B-B5BC146B179C}.Debug|Any CPU.ActiveCfg = Debug|Any CPU
		{30C2F6C1-92EA-4DC8-B03B-B5BC146B179C}.Debug|Any CPU.Build.0 = Debug|Any CPU
		{30C2F6C1-92EA-4DC8-B03B-B5BC146B179C}.Release|Any CPU.ActiveCfg = Release|Any CPU
		{30C2F6C1-92EA-4DC8-B03B-B5BC146B179C}.Release|Any CPU.Build.0 = Release|Any CPU
		{08868170-42D0-4092-9E02-B0F71BE18952}.Debug|Any CPU.ActiveCfg = Debug|Any CPU
		{08868170-42D0-4092-9E02-B0F71BE18952}.Debug|Any CPU.Build.0 = Debug|Any CPU
		{08868170-42D0-4092-9E02-B0F71BE18952}.Release|Any CPU.ActiveCfg = Release|Any CPU
		{08868170-42D0-4092-9E02-B0F71BE18952}.Release|Any CPU.Build.0 = Release|Any CPU
		{BD8EA140-3E0D-4167-847B-1F0FE6BA8F57}.Debug|Any CPU.ActiveCfg = Debug|Any CPU
		{BD8EA140-3E0D-4167-847B-1F0FE6BA8F57}.Debug|Any CPU.Build.0 = Debug|Any CPU
		{BD8EA140-3E0D-4167-847B-1F0FE6BA8F57}.Release|Any CPU.ActiveCfg = Release|Any CPU
		{BD8EA140-3E0D-4167-847B-1F0FE6BA8F57}.Release|Any CPU.Build.0 = Release|Any CPU
		{2DAD8E9A-F9B1-4881-AD16-EE366748439A}.Debug|Any CPU.ActiveCfg = Debug|Any CPU
		{2DAD8E9A-F9B1-4881-AD16-EE366748439A}.Debug|Any CPU.Build.0 = Debug|Any CPU
		{2DAD8E9A-F9B1-4881-AD16-EE366748439A}.Release|Any CPU.ActiveCfg = Release|Any CPU
		{2DAD8E9A-F9B1-4881-AD16-EE366748439A}.Release|Any CPU.Build.0 = Release|Any CPU
		{47F4F4D6-A829-4CC7-B1AE-531D2C06F103}.Debug|Any CPU.ActiveCfg = Debug|Any CPU
		{47F4F4D6-A829-4CC7-B1AE-531D2C06F103}.Debug|Any CPU.Build.0 = Debug|Any CPU
		{47F4F4D6-A829-4CC7-B1AE-531D2C06F103}.Release|Any CPU.ActiveCfg = Release|Any CPU
		{47F4F4D6-A829-4CC7-B1AE-531D2C06F103}.Release|Any CPU.Build.0 = Release|Any CPU
		{9A98F0B4-8EC2-4E64-9052-07FC9A6EBB03}.Debug|Any CPU.ActiveCfg = Debug|Any CPU
		{9A98F0B4-8EC2-4E64-9052-07FC9A6EBB03}.Debug|Any CPU.Build.0 = Debug|Any CPU
		{9A98F0B4-8EC2-4E64-9052-07FC9A6EBB03}.Release|Any CPU.ActiveCfg = Release|Any CPU
		{9A98F0B4-8EC2-4E64-9052-07FC9A6EBB03}.Release|Any CPU.Build.0 = Release|Any CPU
		{226B64A3-31F5-4018-9A04-A525C1C15259}.Debug|Any CPU.ActiveCfg = Debug|Any CPU
		{226B64A3-31F5-4018-9A04-A525C1C15259}.Debug|Any CPU.Build.0 = Debug|Any CPU
		{226B64A3-31F5-4018-9A04-A525C1C15259}.Release|Any CPU.ActiveCfg = Release|Any CPU
		{226B64A3-31F5-4018-9A04-A525C1C15259}.Release|Any CPU.Build.0 = Release|Any CPU
		{D762EA68-D59B-4EF2-96F0-6451F882F836}.Debug|Any CPU.ActiveCfg = Debug|Any CPU
		{D762EA68-D59B-4EF2-96F0-6451F882F836}.Debug|Any CPU.Build.0 = Debug|Any CPU
		{D762EA68-D59B-4EF2-96F0-6451F882F836}.Release|Any CPU.ActiveCfg = Release|Any CPU
		{D762EA68-D59B-4EF2-96F0-6451F882F836}.Release|Any CPU.Build.0 = Release|Any CPU
		{203C3BBD-66B6-4242-AC31-9C74B1563302}.Debug|Any CPU.ActiveCfg = Debug|Any CPU
		{203C3BBD-66B6-4242-AC31-9C74B1563302}.Debug|Any CPU.Build.0 = Debug|Any CPU
		{203C3BBD-66B6-4242-AC31-9C74B1563302}.Release|Any CPU.ActiveCfg = Release|Any CPU
		{203C3BBD-66B6-4242-AC31-9C74B1563302}.Release|Any CPU.Build.0 = Release|Any CPU
		{BE8CB63B-168F-414A-99EC-BE320CA5A85B}.Debug|Any CPU.ActiveCfg = Debug|Any CPU
		{BE8CB63B-168F-414A-99EC-BE320CA5A85B}.Debug|Any CPU.Build.0 = Debug|Any CPU
		{BE8CB63B-168F-414A-99EC-BE320CA5A85B}.Release|Any CPU.ActiveCfg = Release|Any CPU
		{BE8CB63B-168F-414A-99EC-BE320CA5A85B}.Release|Any CPU.Build.0 = Release|Any CPU
		{1D35024F-5BE8-4019-B3E3-6EAAD6AD47C7}.Debug|Any CPU.ActiveCfg = Debug|Any CPU
		{1D35024F-5BE8-4019-B3E3-6EAAD6AD47C7}.Debug|Any CPU.Build.0 = Debug|Any CPU
		{1D35024F-5BE8-4019-B3E3-6EAAD6AD47C7}.Release|Any CPU.ActiveCfg = Release|Any CPU
		{1D35024F-5BE8-4019-B3E3-6EAAD6AD47C7}.Release|Any CPU.Build.0 = Release|Any CPU
		{E948423B-89CC-4CE4-B449-FC286A221CBA}.Debug|Any CPU.ActiveCfg = Debug|Any CPU
		{E948423B-89CC-4CE4-B449-FC286A221CBA}.Debug|Any CPU.Build.0 = Debug|Any CPU
		{E948423B-89CC-4CE4-B449-FC286A221CBA}.Release|Any CPU.ActiveCfg = Release|Any CPU
		{E948423B-89CC-4CE4-B449-FC286A221CBA}.Release|Any CPU.Build.0 = Release|Any CPU
		{535B787B-ACD7-4D7F-8824-F72E4F9C5CB5}.Debug|Any CPU.ActiveCfg = Debug|Any CPU
		{535B787B-ACD7-4D7F-8824-F72E4F9C5CB5}.Debug|Any CPU.Build.0 = Debug|Any CPU
		{535B787B-ACD7-4D7F-8824-F72E4F9C5CB5}.Release|Any CPU.ActiveCfg = Release|Any CPU
		{535B787B-ACD7-4D7F-8824-F72E4F9C5CB5}.Release|Any CPU.Build.0 = Release|Any CPU
	EndGlobalSection
	GlobalSection(SolutionProperties) = preSolution
		HideSolutionNode = FALSE
	EndGlobalSection
	GlobalSection(NestedProjects) = preSolution
		{E35B3213-A6F4-4DD0-AB77-379240D6E6C1} = {21D67637-14A8-4B8B-9A2C-966B7D044D2E}
		{DD0BCF94-246C-4B41-909C-93D3A34C858A} = {21D67637-14A8-4B8B-9A2C-966B7D044D2E}
		{00018274-87AE-4A78-B452-E4FEDFDAAA10} = {21D67637-14A8-4B8B-9A2C-966B7D044D2E}
		{04B41FC9-23B7-4F57-A3AA-48E3F5F007AF} = {21D67637-14A8-4B8B-9A2C-966B7D044D2E}
		{6EB418A6-8D15-4A32-9315-A24182655C6F} = {B91FF15C-3676-4B0B-9171-8DEF7514CAC6}
		{7BF68E0E-C2A3-4BA7-B7DC-7A273541D4CB} = {A76503F5-B9DB-4ECF-B1FC-A8E27A0DC9EA}
		{CB30B5F7-ECEF-454C-93F3-6773EEF9CF00} = {A76503F5-B9DB-4ECF-B1FC-A8E27A0DC9EA}
		{86051384-25EB-422F-A0D2-EC1E4551A922} = {B91FF15C-3676-4B0B-9171-8DEF7514CAC6}
		{75D5DD25-23E6-45B1-9B1E-850D66038FDF} = {7A31E21B-F0D8-43EB-9AE1-0DA6A164C8E8}
		{310D5D66-DD1D-45DC-A5C1-C10DA0ABAA61} = {21D67637-14A8-4B8B-9A2C-966B7D044D2E}
		{5EAD1A82-7FD4-40C3-83A1-8D727DAFB33D} = {B3694068-A3B4-4486-95DE-DAFBE8C4A8F5}
		{364E0B31-ED74-4073-8554-2878482136F6} = {A76503F5-B9DB-4ECF-B1FC-A8E27A0DC9EA}
		{1E7394CA-CFCA-4DFD-9B4C-FCFB8177EE14} = {B91FF15C-3676-4B0B-9171-8DEF7514CAC6}
		{FC34CA31-0FD9-45FB-9765-C6C6B2B2ED16} = {B91FF15C-3676-4B0B-9171-8DEF7514CAC6}
		{7276709A-1287-43D6-94A8-7BA129886109} = {B91FF15C-3676-4B0B-9171-8DEF7514CAC6}
		{0711DBD7-6CA0-4203-B8BF-009C74B3831C} = {B91FF15C-3676-4B0B-9171-8DEF7514CAC6}
		{94C97D99-5119-44D3-88EC-8E469B798A4D} = {B91FF15C-3676-4B0B-9171-8DEF7514CAC6}
		{9338B61D-DC3D-481A-857E-17027E8EB328} = {32201F16-65AA-4636-BF98-86A8CBBF5548}
		{44DD3141-4107-442C-82BD-332EEAFC0E91} = {B3694068-A3B4-4486-95DE-DAFBE8C4A8F5}
		{A0600BCE-7430-44DF-8708-CC595601E700} = {32201F16-65AA-4636-BF98-86A8CBBF5548}
		{F33C413B-AC65-4C38-B69A-F41AB8717960} = {B3694068-A3B4-4486-95DE-DAFBE8C4A8F5}
		{44B68C6B-D2F6-4EDC-9122-A5EE763F5C48} = {F33C413B-AC65-4C38-B69A-F41AB8717960}
		{30C2F6C1-92EA-4DC8-B03B-B5BC146B179C} = {F33C413B-AC65-4C38-B69A-F41AB8717960}
		{08868170-42D0-4092-9E02-B0F71BE18952} = {6BDAEBB1-8C91-4023-99D3-28E16DE739CC}
		{BD8EA140-3E0D-4167-847B-1F0FE6BA8F57} = {6BDAEBB1-8C91-4023-99D3-28E16DE739CC}
		{2DAD8E9A-F9B1-4881-AD16-EE366748439A} = {32201F16-65AA-4636-BF98-86A8CBBF5548}
		{47F4F4D6-A829-4CC7-B1AE-531D2C06F103} = {32201F16-65AA-4636-BF98-86A8CBBF5548}
		{9A98F0B4-8EC2-4E64-9052-07FC9A6EBB03} = {32201F16-65AA-4636-BF98-86A8CBBF5548}
		{226B64A3-31F5-4018-9A04-A525C1C15259} = {32201F16-65AA-4636-BF98-86A8CBBF5548}
		{D762EA68-D59B-4EF2-96F0-6451F882F836} = {F33C413B-AC65-4C38-B69A-F41AB8717960}
		{203C3BBD-66B6-4242-AC31-9C74B1563302} = {B91FF15C-3676-4B0B-9171-8DEF7514CAC6}
		{BE8CB63B-168F-414A-99EC-BE320CA5A85B} = {E88E8CAB-5A5E-407C-AACE-27184FB36584}
		{1D35024F-5BE8-4019-B3E3-6EAAD6AD47C7} = {E88E8CAB-5A5E-407C-AACE-27184FB36584}
		{E948423B-89CC-4CE4-B449-FC286A221CBA} = {B3694068-A3B4-4486-95DE-DAFBE8C4A8F5}
		{535B787B-ACD7-4D7F-8824-F72E4F9C5CB5} = {32201F16-65AA-4636-BF98-86A8CBBF5548}
	EndGlobalSection
	GlobalSection(ExtensibilityGlobals) = postSolution
		SolutionGuid = {73EF6AE5-AE88-4482-B21E-DA5F869E622D}
	EndGlobalSection
EndGlobal
